
Microsoft Visual Studio Solution File, Format Version 12.00
# Visual Studio 14
VisualStudioVersion = 14.0.23107.0
MinimumVisualStudioVersion = 10.0.40219.1
Project("{FAE04EC0-301F-11D3-BF4B-00C04F79EFBC}") = "Giger", "src\Giger\Giger.csproj", "{3D19D044-0D55-4FFB-A18D-BAC8B5F58E6E}"
EndProject
Project("{FAE04EC0-301F-11D3-BF4B-00C04F79EFBC}") = "Giger.TestSite", "src\Giger.TestSite\Giger.TestSite.csproj", "{80D79E09-56A0-4733-8152-34C992C97302}"
EndProject
Project("{FAE04EC0-301F-11D3-BF4B-00C04F79EFBC}") = "Giger.Charts", "src\Giger.Charts\Giger.Charts.csproj", "{ED2F954A-CD79-45A9-8A0E-7ED63EA90D56}"
EndProject
Project("{FAE04EC0-301F-11D3-BF4B-00C04F79EFBC}") = "Giger.Nancy", "src\Giger.Nancy\Giger.Nancy.csproj", "{F79632FB-A061-41CB-8FAC-24F885822791}"
EndProject
Global
	GlobalSection(SolutionConfigurationPlatforms) = preSolution
		Debug|Any CPU = Debug|Any CPU
		Release|Any CPU = Release|Any CPU
	EndGlobalSection
	GlobalSection(ProjectConfigurationPlatforms) = postSolution
		{3D19D044-0D55-4FFB-A18D-BAC8B5F58E6E}.Debug|Any CPU.ActiveCfg = Debug|Any CPU
		{3D19D044-0D55-4FFB-A18D-BAC8B5F58E6E}.Debug|Any CPU.Build.0 = Debug|Any CPU
		{3D19D044-0D55-4FFB-A18D-BAC8B5F58E6E}.Release|Any CPU.ActiveCfg = Release|Any CPU
		{3D19D044-0D55-4FFB-A18D-BAC8B5F58E6E}.Release|Any CPU.Build.0 = Release|Any CPU
		{80D79E09-56A0-4733-8152-34C992C97302}.Debug|Any CPU.ActiveCfg = Debug|Any CPU
		{80D79E09-56A0-4733-8152-34C992C97302}.Debug|Any CPU.Build.0 = Debug|Any CPU
		{80D79E09-56A0-4733-8152-34C992C97302}.Release|Any CPU.ActiveCfg = Release|Any CPU
		{80D79E09-56A0-4733-8152-34C992C97302}.Release|Any CPU.Build.0 = Release|Any CPU
		{ED2F954A-CD79-45A9-8A0E-7ED63EA90D56}.Debug|Any CPU.ActiveCfg = Debug|Any CPU
		{ED2F954A-CD79-45A9-8A0E-7ED63EA90D56}.Debug|Any CPU.Build.0 = Debug|Any CPU
		{ED2F954A-CD79-45A9-8A0E-7ED63EA90D56}.Release|Any CPU.ActiveCfg = Release|Any CPU
		{ED2F954A-CD79-45A9-8A0E-7ED63EA90D56}.Release|Any CPU.Build.0 = Release|Any CPU
		{F79632FB-A061-41CB-8FAC-24F885822791}.Debug|Any CPU.ActiveCfg = Debug|Any CPU
		{F79632FB-A061-41CB-8FAC-24F885822791}.Debug|Any CPU.Build.0 = Debug|Any CPU
		{F79632FB-A061-41CB-8FAC-24F885822791}.Release|Any CPU.ActiveCfg = Release|Any CPU
		{F79632FB-A061-41CB-8FAC-24F885822791}.Release|Any CPU.Build.0 = Release|Any CPU
	EndGlobalSection
	GlobalSection(SolutionProperties) = preSolution
		HideSolutionNode = FALSE
	EndGlobalSection
EndGlobal
